
Microsoft Visual Studio Solution File, Format Version 12.00
# Visual Studio Version 16
VisualStudioVersion = 16.0.30011.22
MinimumVisualStudioVersion = 10.0.40219.1
Project("{FAE04EC0-301F-11D3-BF4B-00C04F79EFBC}") = "KatanaZeroRando", "KatanaZeroRando\KatanaZeroRando.csproj", "{A644C71C-8402-404F-A08E-F36354C381DB}"
EndProject
Global
	GlobalSection(SolutionConfigurationPlatforms) = preSolution
		Debug|Any CPU = Debug|Any CPU
		Release|Any CPU = Release|Any CPU
	EndGlobalSection
	GlobalSection(ProjectConfigurationPlatforms) = postSolution
		{A644C71C-8402-404F-A08E-F36354C381DB}.Debug|Any CPU.ActiveCfg = Debug|Any CPU
		{A644C71C-8402-404F-A08E-F36354C381DB}.Debug|Any CPU.Build.0 = Debug|Any CPU
		{A644C71C-8402-404F-A08E-F36354C381DB}.Release|Any CPU.ActiveCfg = Release|Any CPU
		{A644C71C-8402-404F-A08E-F36354C381DB}.Release|Any CPU.Build.0 = Release|Any CPU
	EndGlobalSection
	GlobalSection(SolutionProperties) = preSolution
		HideSolutionNode = FALSE
	EndGlobalSection
	GlobalSection(ExtensibilityGlobals) = postSolution
		SolutionGuid = {161A296D-033F-4466-A4EF-61D713806A66}
	EndGlobalSection
EndGlobal
